
Microsoft Visual Studio Solution File, Format Version 12.00
# Visual Studio Version 17
VisualStudioVersion = 17.1.32319.34
MinimumVisualStudioVersion = 10.0.40219.1
Project("{FAE04EC0-301F-11D3-BF4B-00C04F79EFBC}") = "P01. Secret Chat", "P01. Secret Chat\P01. Secret Chat.csproj", "{86774F27-B829-4C85-B6D5-D756B97EA3D8}"
EndProject
Project("{FAE04EC0-301F-11D3-BF4B-00C04F79EFBC}") = "P02. Mirror Words", "P02. Mirror Words\P02. Mirror Words.csproj", "{F8521BBB-025A-4A1D-A08F-089C91084033}"
EndProject
Project("{FAE04EC0-301F-11D3-BF4B-00C04F79EFBC}") = "P03. Need for Speed III", "P03. Need for Speed III\P03. Need for Speed III.csproj", "{266759D7-434C-4E58-8F48-15464DA4696E}"
EndProject
Global
	GlobalSection(SolutionConfigurationPlatforms) = preSolution
		Debug|Any CPU = Debug|Any CPU
		Release|Any CPU = Release|Any CPU
	EndGlobalSection
	GlobalSection(ProjectConfigurationPlatforms) = postSolution
		{86774F27-B829-4C85-B6D5-D756B97EA3D8}.Debug|Any CPU.ActiveCfg = Debug|Any CPU
		{86774F27-B829-4C85-B6D5-D756B97EA3D8}.Debug|Any CPU.Build.0 = Debug|Any CPU
		{86774F27-B829-4C85-B6D5-D756B97EA3D8}.Release|Any CPU.ActiveCfg = Release|Any CPU
		{86774F27-B829-4C85-B6D5-D756B97EA3D8}.Release|Any CPU.Build.0 = Release|Any CPU
		{F8521BBB-025A-4A1D-A08F-089C91084033}.Debug|Any CPU.ActiveCfg = Debug|Any CPU
		{F8521BBB-025A-4A1D-A08F-089C91084033}.Debug|Any CPU.Build.0 = Debug|Any CPU
		{F8521BBB-025A-4A1D-A08F-089C91084033}.Release|Any CPU.ActiveCfg = Release|Any CPU
		{F8521BBB-025A-4A1D-A08F-089C91084033}.Release|Any CPU.Build.0 = Release|Any CPU
		{266759D7-434C-4E58-8F48-15464DA4696E}.Debug|Any CPU.ActiveCfg = Debug|Any CPU
		{266759D7-434C-4E58-8F48-15464DA4696E}.Debug|Any CPU.Build.0 = Debug|Any CPU
		{266759D7-434C-4E58-8F48-15464DA4696E}.Release|Any CPU.ActiveCfg = Release|Any CPU
		{266759D7-434C-4E58-8F48-15464DA4696E}.Release|Any CPU.Build.0 = Release|Any CPU
	EndGlobalSection
	GlobalSection(SolutionProperties) = preSolution
		HideSolutionNode = FALSE
	EndGlobalSection
	GlobalSection(ExtensibilityGlobals) = postSolution
		SolutionGuid = {913169A8-81FC-4175-AD68-E80D6D4E29C8}
	EndGlobalSection
EndGlobal
