
Microsoft Visual Studio Solution File, Format Version 12.00
# Visual Studio Version 17
VisualStudioVersion = 17.1.32210.238
MinimumVisualStudioVersion = 10.0.40219.1
Project("{9A19103F-16F7-4668-BE54-9A1E7A4F7556}") = "P01. Ranking", "P01. Ranking\P01. Ranking.csproj", "{1297344F-0F21-43BD-8D1B-5CBADEAFF32E}"
EndProject
Project("{FAE04EC0-301F-11D3-BF4B-00C04F79EFBC}") = "P02. Judge", "P02. Judge\P02. Judge.csproj", "{1C604A2E-EF67-4926-9F96-C1B033A260C6}"
EndProject
Project("{FAE04EC0-301F-11D3-BF4B-00C04F79EFBC}") = "P03. MOBA Challenger", "P03. MOBA Challenger\P03. MOBA Challenger.csproj", "{2F8556E0-691E-4426-BC14-B32D2446B94F}"
EndProject
Project("{FAE04EC0-301F-11D3-BF4B-00C04F79EFBC}") = "P04. Snowwhite", "P04. Snowwhite\P04. Snowwhite.csproj", "{647EADD7-A7B4-4E95-AA65-07EBD917E961}"
EndProject
Project("{FAE04EC0-301F-11D3-BF4B-00C04F79EFBC}") = "P05. Dragon Army", "P05. Dragon Army\P05. Dragon Army.csproj", "{FEA929FB-1DEA-443B-90FC-B2C3A7B7E893}"
EndProject
Global
	GlobalSection(SolutionConfigurationPlatforms) = preSolution
		Debug|Any CPU = Debug|Any CPU
		Release|Any CPU = Release|Any CPU
	EndGlobalSection
	GlobalSection(ProjectConfigurationPlatforms) = postSolution
		{1297344F-0F21-43BD-8D1B-5CBADEAFF32E}.Debug|Any CPU.ActiveCfg = Debug|Any CPU
		{1297344F-0F21-43BD-8D1B-5CBADEAFF32E}.Debug|Any CPU.Build.0 = Debug|Any CPU
		{1297344F-0F21-43BD-8D1B-5CBADEAFF32E}.Release|Any CPU.ActiveCfg = Release|Any CPU
		{1297344F-0F21-43BD-8D1B-5CBADEAFF32E}.Release|Any CPU.Build.0 = Release|Any CPU
		{1C604A2E-EF67-4926-9F96-C1B033A260C6}.Debug|Any CPU.ActiveCfg = Debug|Any CPU
		{1C604A2E-EF67-4926-9F96-C1B033A260C6}.Debug|Any CPU.Build.0 = Debug|Any CPU
		{1C604A2E-EF67-4926-9F96-C1B033A260C6}.Release|Any CPU.ActiveCfg = Release|Any CPU
		{1C604A2E-EF67-4926-9F96-C1B033A260C6}.Release|Any CPU.Build.0 = Release|Any CPU
		{2F8556E0-691E-4426-BC14-B32D2446B94F}.Debug|Any CPU.ActiveCfg = Debug|Any CPU
		{2F8556E0-691E-4426-BC14-B32D2446B94F}.Debug|Any CPU.Build.0 = Debug|Any CPU
		{2F8556E0-691E-4426-BC14-B32D2446B94F}.Release|Any CPU.ActiveCfg = Release|Any CPU
		{2F8556E0-691E-4426-BC14-B32D2446B94F}.Release|Any CPU.Build.0 = Release|Any CPU
		{647EADD7-A7B4-4E95-AA65-07EBD917E961}.Debug|Any CPU.ActiveCfg = Debug|Any CPU
		{647EADD7-A7B4-4E95-AA65-07EBD917E961}.Debug|Any CPU.Build.0 = Debug|Any CPU
		{647EADD7-A7B4-4E95-AA65-07EBD917E961}.Release|Any CPU.ActiveCfg = Release|Any CPU
		{647EADD7-A7B4-4E95-AA65-07EBD917E961}.Release|Any CPU.Build.0 = Release|Any CPU
		{FEA929FB-1DEA-443B-90FC-B2C3A7B7E893}.Debug|Any CPU.ActiveCfg = Debug|Any CPU
		{FEA929FB-1DEA-443B-90FC-B2C3A7B7E893}.Debug|Any CPU.Build.0 = Debug|Any CPU
		{FEA929FB-1DEA-443B-90FC-B2C3A7B7E893}.Release|Any CPU.ActiveCfg = Release|Any CPU
		{FEA929FB-1DEA-443B-90FC-B2C3A7B7E893}.Release|Any CPU.Build.0 = Release|Any CPU
	EndGlobalSection
	GlobalSection(SolutionProperties) = preSolution
		HideSolutionNode = FALSE
	EndGlobalSection
	GlobalSection(ExtensibilityGlobals) = postSolution
		SolutionGuid = {BA325781-FC9A-4481-863A-BA5857DE33AE}
	EndGlobalSection
EndGlobal
