
Microsoft Visual Studio Solution File, Format Version 12.00
# Visual Studio Version 17
VisualStudioVersion = 17.0.32112.339
MinimumVisualStudioVersion = 10.0.40219.1
Project("{FAE04EC0-301F-11D3-BF4B-00C04F79EFBC}") = "P01. Convert Meters to Kilometers", "P01. Convert Meters to Kilometers\P01. Convert Meters to Kilometers.csproj", "{5A1DAC54-7734-4002-8BCF-AC4949AD7092}"
EndProject
Project("{FAE04EC0-301F-11D3-BF4B-00C04F79EFBC}") = "P02. Pounds to Dollars", "P02. Pounds to Dollars\P02. Pounds to Dollars.csproj", "{6D7EA9FC-2733-4302-9E62-0A743C4F0955}"
EndProject
Project("{FAE04EC0-301F-11D3-BF4B-00C04F79EFBC}") = "P03. Exact Sum of Real Numbers", "P03. Exact Sum of Real Numbers\P03. Exact Sum of Real Numbers.csproj", "{155F3D33-9F8C-45A8-8C4D-1211AEC93009}"
EndProject
Project("{FAE04EC0-301F-11D3-BF4B-00C04F79EFBC}") = "P04. Centuries to Minutes", "P04. Centuries to Minutes\P04. Centuries to Minutes.csproj", "{CC72A2D8-2233-4123-A8C1-BCCD90678F04}"
EndProject
Project("{FAE04EC0-301F-11D3-BF4B-00C04F79EFBC}") = "P05. Special Numbers", "P05. Special Numbers\P05. Special Numbers.csproj", "{41332D46-EB45-4CD1-8810-4ECBA9702700}"
EndProject
Project("{FAE04EC0-301F-11D3-BF4B-00C04F79EFBC}") = "P06. Reversed Chars", "P06. Reversed Chars\P06. Reversed Chars.csproj", "{477E9769-127D-46D6-A986-0D23D9E82C81}"
EndProject
Project("{FAE04EC0-301F-11D3-BF4B-00C04F79EFBC}") = "P07. Concat Names", "P07. Concat Names\P07. Concat Names.csproj", "{76C07EE4-54BD-4B87-9F6C-2B22A9B56C28}"
EndProject
Project("{FAE04EC0-301F-11D3-BF4B-00C04F79EFBC}") = "P08. Town Info", "P08. Town Info\P08. Town Info.csproj", "{D52391E0-3533-43C7-B845-B29F83883FDC}"
EndProject
Project("{FAE04EC0-301F-11D3-BF4B-00C04F79EFBC}") = "P09. Chars to String", "P09. Chars to String\P09. Chars to String.csproj", "{18415267-81B5-42B8-A4C9-55E9E15E3720}"
EndProject
Project("{FAE04EC0-301F-11D3-BF4B-00C04F79EFBC}") = "P10. Lower or Upper", "P10. Lower or Upper\P10. Lower or Upper.csproj", "{8225DDE8-2F44-43BE-A224-113243651246}"
EndProject
Project("{FAE04EC0-301F-11D3-BF4B-00C04F79EFBC}") = "P11. Refactor Volume of Pyramid", "P11. Refactor Volume of Pyramid\P11. Refactor Volume of Pyramid.csproj", "{7B898373-AB7B-47B3-842B-0A642CF3E278}"
EndProject
Project("{FAE04EC0-301F-11D3-BF4B-00C04F79EFBC}") = "P12. Refactor Special Numbers", "P12. Refactor Special Numbers\P12. Refactor Special Numbers.csproj", "{394D4C3E-E89F-4B87-9F77-764561FFF83B}"
EndProject
Global
	GlobalSection(SolutionConfigurationPlatforms) = preSolution
		Debug|Any CPU = Debug|Any CPU
		Release|Any CPU = Release|Any CPU
	EndGlobalSection
	GlobalSection(ProjectConfigurationPlatforms) = postSolution
		{5A1DAC54-7734-4002-8BCF-AC4949AD7092}.Debug|Any CPU.ActiveCfg = Debug|Any CPU
		{5A1DAC54-7734-4002-8BCF-AC4949AD7092}.Debug|Any CPU.Build.0 = Debug|Any CPU
		{5A1DAC54-7734-4002-8BCF-AC4949AD7092}.Release|Any CPU.ActiveCfg = Release|Any CPU
		{5A1DAC54-7734-4002-8BCF-AC4949AD7092}.Release|Any CPU.Build.0 = Release|Any CPU
		{6D7EA9FC-2733-4302-9E62-0A743C4F0955}.Debug|Any CPU.ActiveCfg = Debug|Any CPU
		{6D7EA9FC-2733-4302-9E62-0A743C4F0955}.Debug|Any CPU.Build.0 = Debug|Any CPU
		{6D7EA9FC-2733-4302-9E62-0A743C4F0955}.Release|Any CPU.ActiveCfg = Release|Any CPU
		{6D7EA9FC-2733-4302-9E62-0A743C4F0955}.Release|Any CPU.Build.0 = Release|Any CPU
		{155F3D33-9F8C-45A8-8C4D-1211AEC93009}.Debug|Any CPU.ActiveCfg = Debug|Any CPU
		{155F3D33-9F8C-45A8-8C4D-1211AEC93009}.Debug|Any CPU.Build.0 = Debug|Any CPU
		{155F3D33-9F8C-45A8-8C4D-1211AEC93009}.Release|Any CPU.ActiveCfg = Release|Any CPU
		{155F3D33-9F8C-45A8-8C4D-1211AEC93009}.Release|Any CPU.Build.0 = Release|Any CPU
		{CC72A2D8-2233-4123-A8C1-BCCD90678F04}.Debug|Any CPU.ActiveCfg = Debug|Any CPU
		{CC72A2D8-2233-4123-A8C1-BCCD90678F04}.Debug|Any CPU.Build.0 = Debug|Any CPU
		{CC72A2D8-2233-4123-A8C1-BCCD90678F04}.Release|Any CPU.ActiveCfg = Release|Any CPU
		{CC72A2D8-2233-4123-A8C1-BCCD90678F04}.Release|Any CPU.Build.0 = Release|Any CPU
		{41332D46-EB45-4CD1-8810-4ECBA9702700}.Debug|Any CPU.ActiveCfg = Debug|Any CPU
		{41332D46-EB45-4CD1-8810-4ECBA9702700}.Debug|Any CPU.Build.0 = Debug|Any CPU
		{41332D46-EB45-4CD1-8810-4ECBA9702700}.Release|Any CPU.ActiveCfg = Release|Any CPU
		{41332D46-EB45-4CD1-8810-4ECBA9702700}.Release|Any CPU.Build.0 = Release|Any CPU
		{477E9769-127D-46D6-A986-0D23D9E82C81}.Debug|Any CPU.ActiveCfg = Debug|Any CPU
		{477E9769-127D-46D6-A986-0D23D9E82C81}.Debug|Any CPU.Build.0 = Debug|Any CPU
		{477E9769-127D-46D6-A986-0D23D9E82C81}.Release|Any CPU.ActiveCfg = Release|Any CPU
		{477E9769-127D-46D6-A986-0D23D9E82C81}.Release|Any CPU.Build.0 = Release|Any CPU
		{76C07EE4-54BD-4B87-9F6C-2B22A9B56C28}.Debug|Any CPU.ActiveCfg = Debug|Any CPU
		{76C07EE4-54BD-4B87-9F6C-2B22A9B56C28}.Debug|Any CPU.Build.0 = Debug|Any CPU
		{76C07EE4-54BD-4B87-9F6C-2B22A9B56C28}.Release|Any CPU.ActiveCfg = Release|Any CPU
		{76C07EE4-54BD-4B87-9F6C-2B22A9B56C28}.Release|Any CPU.Build.0 = Release|Any CPU
		{D52391E0-3533-43C7-B845-B29F83883FDC}.Debug|Any CPU.ActiveCfg = Debug|Any CPU
		{D52391E0-3533-43C7-B845-B29F83883FDC}.Debug|Any CPU.Build.0 = Debug|Any CPU
		{D52391E0-3533-43C7-B845-B29F83883FDC}.Release|Any CPU.ActiveCfg = Release|Any CPU
		{D52391E0-3533-43C7-B845-B29F83883FDC}.Release|Any CPU.Build.0 = Release|Any CPU
		{18415267-81B5-42B8-A4C9-55E9E15E3720}.Debug|Any CPU.ActiveCfg = Debug|Any CPU
		{18415267-81B5-42B8-A4C9-55E9E15E3720}.Debug|Any CPU.Build.0 = Debug|Any CPU
		{18415267-81B5-42B8-A4C9-55E9E15E3720}.Release|Any CPU.ActiveCfg = Release|Any CPU
		{18415267-81B5-42B8-A4C9-55E9E15E3720}.Release|Any CPU.Build.0 = Release|Any CPU
		{8225DDE8-2F44-43BE-A224-113243651246}.Debug|Any CPU.ActiveCfg = Debug|Any CPU
		{8225DDE8-2F44-43BE-A224-113243651246}.Debug|Any CPU.Build.0 = Debug|Any CPU
		{8225DDE8-2F44-43BE-A224-113243651246}.Release|Any CPU.ActiveCfg = Release|Any CPU
		{8225DDE8-2F44-43BE-A224-113243651246}.Release|Any CPU.Build.0 = Release|Any CPU
		{7B898373-AB7B-47B3-842B-0A642CF3E278}.Debug|Any CPU.ActiveCfg = Debug|Any CPU
		{7B898373-AB7B-47B3-842B-0A642CF3E278}.Debug|Any CPU.Build.0 = Debug|Any CPU
		{7B898373-AB7B-47B3-842B-0A642CF3E278}.Release|Any CPU.ActiveCfg = Release|Any CPU
		{7B898373-AB7B-47B3-842B-0A642CF3E278}.Release|Any CPU.Build.0 = Release|Any CPU
		{394D4C3E-E89F-4B87-9F77-764561FFF83B}.Debug|Any CPU.ActiveCfg = Debug|Any CPU
		{394D4C3E-E89F-4B87-9F77-764561FFF83B}.Debug|Any CPU.Build.0 = Debug|Any CPU
		{394D4C3E-E89F-4B87-9F77-764561FFF83B}.Release|Any CPU.ActiveCfg = Release|Any CPU
		{394D4C3E-E89F-4B87-9F77-764561FFF83B}.Release|Any CPU.Build.0 = Release|Any CPU
	EndGlobalSection
	GlobalSection(SolutionProperties) = preSolution
		HideSolutionNode = FALSE
	EndGlobalSection
	GlobalSection(ExtensibilityGlobals) = postSolution
		SolutionGuid = {D61CC5AA-9457-4F18-A976-416D6C7E9B9C}
	EndGlobalSection
EndGlobal
