
Microsoft Visual Studio Solution File, Format Version 12.00
# Visual Studio Version 17
VisualStudioVersion = 17.1.32328.378
MinimumVisualStudioVersion = 10.0.40219.1
Project("{FAE04EC0-301F-11D3-BF4B-00C04F79EFBC}") = "P01. Decrypting Commands", "P01. Decrypting Commands\P01. Decrypting Commands.csproj", "{A6104CF6-DAC9-4B54-8CF6-05652764571B}"
EndProject
Project("{FAE04EC0-301F-11D3-BF4B-00C04F79EFBC}") = "P02. Encrypting Password", "P02. Encrypting Password\P02. Encrypting Password.csproj", "{6EE8D392-9BB9-4633-B4A7-73C19B1FD87E}"
EndProject
Project("{FAE04EC0-301F-11D3-BF4B-00C04F79EFBC}") = "P03. Messages Manager", "P03. Messages Manager\P03. Messages Manager.csproj", "{022D7216-1BCE-4205-A045-24B3D91E1AFC}"
EndProject
Global
	GlobalSection(SolutionConfigurationPlatforms) = preSolution
		Debug|Any CPU = Debug|Any CPU
		Release|Any CPU = Release|Any CPU
	EndGlobalSection
	GlobalSection(ProjectConfigurationPlatforms) = postSolution
		{A6104CF6-DAC9-4B54-8CF6-05652764571B}.Debug|Any CPU.ActiveCfg = Debug|Any CPU
		{A6104CF6-DAC9-4B54-8CF6-05652764571B}.Debug|Any CPU.Build.0 = Debug|Any CPU
		{A6104CF6-DAC9-4B54-8CF6-05652764571B}.Release|Any CPU.ActiveCfg = Release|Any CPU
		{A6104CF6-DAC9-4B54-8CF6-05652764571B}.Release|Any CPU.Build.0 = Release|Any CPU
		{6EE8D392-9BB9-4633-B4A7-73C19B1FD87E}.Debug|Any CPU.ActiveCfg = Debug|Any CPU
		{6EE8D392-9BB9-4633-B4A7-73C19B1FD87E}.Debug|Any CPU.Build.0 = Debug|Any CPU
		{6EE8D392-9BB9-4633-B4A7-73C19B1FD87E}.Release|Any CPU.ActiveCfg = Release|Any CPU
		{6EE8D392-9BB9-4633-B4A7-73C19B1FD87E}.Release|Any CPU.Build.0 = Release|Any CPU
		{022D7216-1BCE-4205-A045-24B3D91E1AFC}.Debug|Any CPU.ActiveCfg = Debug|Any CPU
		{022D7216-1BCE-4205-A045-24B3D91E1AFC}.Debug|Any CPU.Build.0 = Debug|Any CPU
		{022D7216-1BCE-4205-A045-24B3D91E1AFC}.Release|Any CPU.ActiveCfg = Release|Any CPU
		{022D7216-1BCE-4205-A045-24B3D91E1AFC}.Release|Any CPU.Build.0 = Release|Any CPU
	EndGlobalSection
	GlobalSection(SolutionProperties) = preSolution
		HideSolutionNode = FALSE
	EndGlobalSection
	GlobalSection(ExtensibilityGlobals) = postSolution
		SolutionGuid = {8C009840-9C69-4E8C-9FE5-8F76475FCF56}
	EndGlobalSection
EndGlobal
