
Microsoft Visual Studio Solution File, Format Version 12.00
# Visual Studio Version 17
VisualStudioVersion = 17.1.32328.378
MinimumVisualStudioVersion = 10.0.40219.1
Project("{FAE04EC0-301F-11D3-BF4B-00C04F79EFBC}") = "P01. Password Reset", "P01. Password Reset\P01. Password Reset.csproj", "{3723952C-EF5B-46DA-B8BC-8AF29A55E511}"
EndProject
Project("{FAE04EC0-301F-11D3-BF4B-00C04F79EFBC}") = "P02. Fancy Barcodes", "P02. Fancy Barcodes\P02. Fancy Barcodes.csproj", "{EDD2389C-C0C4-4F03-B1DB-7D96AB462AE5}"
EndProject
Project("{FAE04EC0-301F-11D3-BF4B-00C04F79EFBC}") = "P03. Heroes of Code and Logic VII", "P03. Heroes of Code and Logic VII\P03. Heroes of Code and Logic VII.csproj", "{2E76A9A3-E623-4339-9086-7515002797E3}"
EndProject
Global
	GlobalSection(SolutionConfigurationPlatforms) = preSolution
		Debug|Any CPU = Debug|Any CPU
		Release|Any CPU = Release|Any CPU
	EndGlobalSection
	GlobalSection(ProjectConfigurationPlatforms) = postSolution
		{3723952C-EF5B-46DA-B8BC-8AF29A55E511}.Debug|Any CPU.ActiveCfg = Debug|Any CPU
		{3723952C-EF5B-46DA-B8BC-8AF29A55E511}.Debug|Any CPU.Build.0 = Debug|Any CPU
		{3723952C-EF5B-46DA-B8BC-8AF29A55E511}.Release|Any CPU.ActiveCfg = Release|Any CPU
		{3723952C-EF5B-46DA-B8BC-8AF29A55E511}.Release|Any CPU.Build.0 = Release|Any CPU
		{EDD2389C-C0C4-4F03-B1DB-7D96AB462AE5}.Debug|Any CPU.ActiveCfg = Debug|Any CPU
		{EDD2389C-C0C4-4F03-B1DB-7D96AB462AE5}.Debug|Any CPU.Build.0 = Debug|Any CPU
		{EDD2389C-C0C4-4F03-B1DB-7D96AB462AE5}.Release|Any CPU.ActiveCfg = Release|Any CPU
		{EDD2389C-C0C4-4F03-B1DB-7D96AB462AE5}.Release|Any CPU.Build.0 = Release|Any CPU
		{2E76A9A3-E623-4339-9086-7515002797E3}.Debug|Any CPU.ActiveCfg = Debug|Any CPU
		{2E76A9A3-E623-4339-9086-7515002797E3}.Debug|Any CPU.Build.0 = Debug|Any CPU
		{2E76A9A3-E623-4339-9086-7515002797E3}.Release|Any CPU.ActiveCfg = Release|Any CPU
		{2E76A9A3-E623-4339-9086-7515002797E3}.Release|Any CPU.Build.0 = Release|Any CPU
	EndGlobalSection
	GlobalSection(SolutionProperties) = preSolution
		HideSolutionNode = FALSE
	EndGlobalSection
	GlobalSection(ExtensibilityGlobals) = postSolution
		SolutionGuid = {937C993C-1890-413E-AA00-0719A66D3CDD}
	EndGlobalSection
EndGlobal
