
Microsoft Visual Studio Solution File, Format Version 12.00
# Visual Studio Version 17
VisualStudioVersion = 17.1.32210.238
MinimumVisualStudioVersion = 10.0.40219.1
Project("{FAE04EC0-301F-11D3-BF4B-00C04F79EFBC}") = "P01. Burger Bus", "P01. Burger Bus\P01. Burger Bus.csproj", "{AC6C55CE-5996-49C1-BA46-AF192BE8F3C4}"
EndProject
Project("{FAE04EC0-301F-11D3-BF4B-00C04F79EFBC}") = "P02. Numbers", "P02. Numbers\P02. Numbers.csproj", "{1EC2B538-86AE-4F18-8D30-8E335095E86B}"
EndProject
Project("{FAE04EC0-301F-11D3-BF4B-00C04F79EFBC}") = "P03. Deck of Cards", "P03. Deck of Cards\P03. Deck of Cards.csproj", "{6B70372E-F299-44EA-AE86-CA0A60D2496D}"
EndProject
Global
	GlobalSection(SolutionConfigurationPlatforms) = preSolution
		Debug|Any CPU = Debug|Any CPU
		Release|Any CPU = Release|Any CPU
	EndGlobalSection
	GlobalSection(ProjectConfigurationPlatforms) = postSolution
		{AC6C55CE-5996-49C1-BA46-AF192BE8F3C4}.Debug|Any CPU.ActiveCfg = Debug|Any CPU
		{AC6C55CE-5996-49C1-BA46-AF192BE8F3C4}.Debug|Any CPU.Build.0 = Debug|Any CPU
		{AC6C55CE-5996-49C1-BA46-AF192BE8F3C4}.Release|Any CPU.ActiveCfg = Release|Any CPU
		{AC6C55CE-5996-49C1-BA46-AF192BE8F3C4}.Release|Any CPU.Build.0 = Release|Any CPU
		{1EC2B538-86AE-4F18-8D30-8E335095E86B}.Debug|Any CPU.ActiveCfg = Debug|Any CPU
		{1EC2B538-86AE-4F18-8D30-8E335095E86B}.Debug|Any CPU.Build.0 = Debug|Any CPU
		{1EC2B538-86AE-4F18-8D30-8E335095E86B}.Release|Any CPU.ActiveCfg = Release|Any CPU
		{1EC2B538-86AE-4F18-8D30-8E335095E86B}.Release|Any CPU.Build.0 = Release|Any CPU
		{6B70372E-F299-44EA-AE86-CA0A60D2496D}.Debug|Any CPU.ActiveCfg = Debug|Any CPU
		{6B70372E-F299-44EA-AE86-CA0A60D2496D}.Debug|Any CPU.Build.0 = Debug|Any CPU
		{6B70372E-F299-44EA-AE86-CA0A60D2496D}.Release|Any CPU.ActiveCfg = Release|Any CPU
		{6B70372E-F299-44EA-AE86-CA0A60D2496D}.Release|Any CPU.Build.0 = Release|Any CPU
	EndGlobalSection
	GlobalSection(SolutionProperties) = preSolution
		HideSolutionNode = FALSE
	EndGlobalSection
	GlobalSection(ExtensibilityGlobals) = postSolution
		SolutionGuid = {A7FAE0AF-5333-4AB3-8D13-AD50F230FAFF}
	EndGlobalSection
EndGlobal
