
Microsoft Visual Studio Solution File, Format Version 12.00
# Visual Studio Version 17
VisualStudioVersion = 17.1.32328.378
MinimumVisualStudioVersion = 10.0.40219.1
Project("{FAE04EC0-301F-11D3-BF4B-00C04F79EFBC}") = "P01. Activation Keys", "P01. Activation Keys\P01. Activation Keys.csproj", "{FED1D528-8FDC-43B1-80EB-991CA36F45F4}"
EndProject
Project("{FAE04EC0-301F-11D3-BF4B-00C04F79EFBC}") = "P02. Emoji Detector", "P02. Emoji Detector\P02. Emoji Detector.csproj", "{FFCD3253-4283-4983-89A1-95CD5EC4B400}"
EndProject
Project("{FAE04EC0-301F-11D3-BF4B-00C04F79EFBC}") = "P03. P!rates", "P03. P!rates\P03. P!rates.csproj", "{4026FAAA-AD0F-42C3-AA2F-A9D39737C2B7}"
EndProject
Global
	GlobalSection(SolutionConfigurationPlatforms) = preSolution
		Debug|Any CPU = Debug|Any CPU
		Release|Any CPU = Release|Any CPU
	EndGlobalSection
	GlobalSection(ProjectConfigurationPlatforms) = postSolution
		{FED1D528-8FDC-43B1-80EB-991CA36F45F4}.Debug|Any CPU.ActiveCfg = Debug|Any CPU
		{FED1D528-8FDC-43B1-80EB-991CA36F45F4}.Debug|Any CPU.Build.0 = Debug|Any CPU
		{FED1D528-8FDC-43B1-80EB-991CA36F45F4}.Release|Any CPU.ActiveCfg = Release|Any CPU
		{FED1D528-8FDC-43B1-80EB-991CA36F45F4}.Release|Any CPU.Build.0 = Release|Any CPU
		{FFCD3253-4283-4983-89A1-95CD5EC4B400}.Debug|Any CPU.ActiveCfg = Debug|Any CPU
		{FFCD3253-4283-4983-89A1-95CD5EC4B400}.Debug|Any CPU.Build.0 = Debug|Any CPU
		{FFCD3253-4283-4983-89A1-95CD5EC4B400}.Release|Any CPU.ActiveCfg = Release|Any CPU
		{FFCD3253-4283-4983-89A1-95CD5EC4B400}.Release|Any CPU.Build.0 = Release|Any CPU
		{4026FAAA-AD0F-42C3-AA2F-A9D39737C2B7}.Debug|Any CPU.ActiveCfg = Debug|Any CPU
		{4026FAAA-AD0F-42C3-AA2F-A9D39737C2B7}.Debug|Any CPU.Build.0 = Debug|Any CPU
		{4026FAAA-AD0F-42C3-AA2F-A9D39737C2B7}.Release|Any CPU.ActiveCfg = Release|Any CPU
		{4026FAAA-AD0F-42C3-AA2F-A9D39737C2B7}.Release|Any CPU.Build.0 = Release|Any CPU
	EndGlobalSection
	GlobalSection(SolutionProperties) = preSolution
		HideSolutionNode = FALSE
	EndGlobalSection
	GlobalSection(ExtensibilityGlobals) = postSolution
		SolutionGuid = {4BD9BB89-B8E2-4273-9041-5AFDEF8C0C8A}
	EndGlobalSection
EndGlobal
