
Microsoft Visual Studio Solution File, Format Version 12.00
# Visual Studio Version 17
VisualStudioVersion = 17.1.32319.34
MinimumVisualStudioVersion = 10.0.40219.1
Project("{FAE04EC0-301F-11D3-BF4B-00C04F79EFBC}") = "P01. The Imitation Game", "P01. The Imitation Game\P01. The Imitation Game.csproj", "{181D575D-B1A2-4F40-99EF-950FBE4560E9}"
EndProject
Project("{FAE04EC0-301F-11D3-BF4B-00C04F79EFBC}") = "P02. Ad Astra", "P02. Ad Astra\P02. Ad Astra.csproj", "{6DAAEAEE-B2F9-4121-B004-2782DA6E8370}"
EndProject
Project("{FAE04EC0-301F-11D3-BF4B-00C04F79EFBC}") = "P03. The Pianist", "P03. The Pianist\P03. The Pianist.csproj", "{03D88233-B0B8-4CBA-9951-1DEF55A67B51}"
EndProject
Global
	GlobalSection(SolutionConfigurationPlatforms) = preSolution
		Debug|Any CPU = Debug|Any CPU
		Release|Any CPU = Release|Any CPU
	EndGlobalSection
	GlobalSection(ProjectConfigurationPlatforms) = postSolution
		{181D575D-B1A2-4F40-99EF-950FBE4560E9}.Debug|Any CPU.ActiveCfg = Debug|Any CPU
		{181D575D-B1A2-4F40-99EF-950FBE4560E9}.Debug|Any CPU.Build.0 = Debug|Any CPU
		{181D575D-B1A2-4F40-99EF-950FBE4560E9}.Release|Any CPU.ActiveCfg = Release|Any CPU
		{181D575D-B1A2-4F40-99EF-950FBE4560E9}.Release|Any CPU.Build.0 = Release|Any CPU
		{6DAAEAEE-B2F9-4121-B004-2782DA6E8370}.Debug|Any CPU.ActiveCfg = Debug|Any CPU
		{6DAAEAEE-B2F9-4121-B004-2782DA6E8370}.Debug|Any CPU.Build.0 = Debug|Any CPU
		{6DAAEAEE-B2F9-4121-B004-2782DA6E8370}.Release|Any CPU.ActiveCfg = Release|Any CPU
		{6DAAEAEE-B2F9-4121-B004-2782DA6E8370}.Release|Any CPU.Build.0 = Release|Any CPU
		{03D88233-B0B8-4CBA-9951-1DEF55A67B51}.Debug|Any CPU.ActiveCfg = Debug|Any CPU
		{03D88233-B0B8-4CBA-9951-1DEF55A67B51}.Debug|Any CPU.Build.0 = Debug|Any CPU
		{03D88233-B0B8-4CBA-9951-1DEF55A67B51}.Release|Any CPU.ActiveCfg = Release|Any CPU
		{03D88233-B0B8-4CBA-9951-1DEF55A67B51}.Release|Any CPU.Build.0 = Release|Any CPU
	EndGlobalSection
	GlobalSection(SolutionProperties) = preSolution
		HideSolutionNode = FALSE
	EndGlobalSection
	GlobalSection(ExtensibilityGlobals) = postSolution
		SolutionGuid = {A14C3103-1CE0-480F-98C8-320E758B5DAF}
	EndGlobalSection
EndGlobal
